// !$*UTF8*$!
{
	archiveVersion = 1;
	classes = {
	};
	objectVersion = 50;
	objects = {

/* Begin PBXBuildFile section */
		26AA2A3C241586B6000C8F7B /* AppDelegate.swift in Sources */ = {isa = PBXBuildFile; fileRef = 26AA2A3B241586B6000C8F7B /* AppDelegate.swift */; };
		26AA2A3E241586B6000C8F7B /* SceneDelegate.swift in Sources */ = {isa = PBXBuildFile; fileRef = 26AA2A3D241586B6000C8F7B /* SceneDelegate.swift */; };
		26AA2A40241586B6000C8F7B /* ViewController.swift in Sources */ = {isa = PBXBuildFile; fileRef = 26AA2A3F241586B6000C8F7B /* ViewController.swift */; };
		26AA2A43241586B6000C8F7B /* Main.storyboard in Resources */ = {isa = PBXBuildFile; fileRef = 26AA2A41241586B6000C8F7B /* Main.storyboard */; };
		26AA2A46241586B6000C8F7B /* SwiftDates.xcdatamodeld in Sources */ = {isa = PBXBuildFile; fileRef = 26AA2A44241586B6000C8F7B /* SwiftDates.xcdatamodeld */; };
		26AA2A48241586BF000C8F7B /* Assets.xcassets in Resources */ = {isa = PBXBuildFile; fileRef = 26AA2A47241586BF000C8F7B /* Assets.xcassets */; };
		26AA2A4B241586BF000C8F7B /* LaunchScreen.storyboard in Resources */ = {isa = PBXBuildFile; fileRef = 26AA2A49241586BF000C8F7B /* LaunchScreen.storyboard */; };
		26AA2A53241587B2000C8F7B /* Colors.swift in Sources */ = {isa = PBXBuildFile; fileRef = 26AA2A52241587B2000C8F7B /* Colors.swift */; };
		26AA2A6524158E92000C8F7B /* MontserratAlternates-Italic.ttf in Resources */ = {isa = PBXBuildFile; fileRef = 26AA2A5624158E91000C8F7B /* MontserratAlternates-Italic.ttf */; };
		26AA2A6624158E92000C8F7B /* MontserratAlternates-Medium.ttf in Resources */ = {isa = PBXBuildFile; fileRef = 26AA2A5724158E91000C8F7B /* MontserratAlternates-Medium.ttf */; };
		26AA2A6824158E92000C8F7B /* MontserratAlternates-BoldItalic.ttf in Resources */ = {isa = PBXBuildFile; fileRef = 26AA2A5924158E91000C8F7B /* MontserratAlternates-BoldItalic.ttf */; };
		26AA2A6924158E92000C8F7B /* MontserratAlternates-Regular.ttf in Resources */ = {isa = PBXBuildFile; fileRef = 26AA2A5A24158E91000C8F7B /* MontserratAlternates-Regular.ttf */; };
		26AA2A6A24158E92000C8F7B /* MontserratAlternates-Light.ttf in Resources */ = {isa = PBXBuildFile; fileRef = 26AA2A5B24158E91000C8F7B /* MontserratAlternates-Light.ttf */; };
		26AA2A6B24158E92000C8F7B /* PlayfairDisplaySC-Black.ttf in Resources */ = {isa = PBXBuildFile; fileRef = 26AA2A5C24158E91000C8F7B /* PlayfairDisplaySC-Black.ttf */; };
		26AA2A6E24158E92000C8F7B /* PlayfairDisplaySC-Regular.ttf in Resources */ = {isa = PBXBuildFile; fileRef = 26AA2A5F24158E91000C8F7B /* PlayfairDisplaySC-Regular.ttf */; };
		26AA2A6F24158E92000C8F7B /* MontserratAlternates-MediumItalic.ttf in Resources */ = {isa = PBXBuildFile; fileRef = 26AA2A6024158E92000C8F7B /* MontserratAlternates-MediumItalic.ttf */; };
		26AA2A7024158E92000C8F7B /* MontserratAlternates-ExtraLightItalic.ttf in Resources */ = {isa = PBXBuildFile; fileRef = 26AA2A6124158E92000C8F7B /* MontserratAlternates-ExtraLightItalic.ttf */; };
		26AA2A7124158E92000C8F7B /* PlayfairDisplaySC-Bold.ttf in Resources */ = {isa = PBXBuildFile; fileRef = 26AA2A6224158E92000C8F7B /* PlayfairDisplaySC-Bold.ttf */; };
		26AA2A7224158E92000C8F7B /* MontserratAlternates-Thin.ttf in Resources */ = {isa = PBXBuildFile; fileRef = 26AA2A6324158E92000C8F7B /* MontserratAlternates-Thin.ttf */; };
/* End PBXBuildFile section */

/* Begin PBXFileReference section */
		26AA2A38241586B6000C8F7B /* SwiftDates.app */ = {isa = PBXFileReference; explicitFileType = wrapper.application; includeInIndex = 0; path = SwiftDates.app; sourceTree = BUILT_PRODUCTS_DIR; };
		26AA2A3B241586B6000C8F7B /* AppDelegate.swift */ = {isa = PBXFileReference; lastKnownFileType = sourcecode.swift; path = AppDelegate.swift; sourceTree = "<group>"; };
		26AA2A3D241586B6000C8F7B /* SceneDelegate.swift */ = {isa = PBXFileReference; lastKnownFileType = sourcecode.swift; path = SceneDelegate.swift; sourceTree = "<group>"; };
		26AA2A3F241586B6000C8F7B /* ViewController.swift */ = {isa = PBXFileReference; lastKnownFileType = sourcecode.swift; path = ViewController.swift; sourceTree = "<group>"; };
		26AA2A42241586B6000C8F7B /* Base */ = {isa = PBXFileReference; lastKnownFileType = file.storyboard; name = Base; path = Base.lproj/Main.storyboard; sourceTree = "<group>"; };
		26AA2A45241586B6000C8F7B /* SwiftDates.xcdatamodel */ = {isa = PBXFileReference; lastKnownFileType = wrapper.xcdatamodel; path = SwiftDates.xcdatamodel; sourceTree = "<group>"; };
		26AA2A47241586BF000C8F7B /* Assets.xcassets */ = {isa = PBXFileReference; lastKnownFileType = folder.assetcatalog; path = Assets.xcassets; sourceTree = "<group>"; };
		26AA2A4A241586BF000C8F7B /* Base */ = {isa = PBXFileReference; lastKnownFileType = file.storyboard; name = Base; path = Base.lproj/LaunchScreen.storyboard; sourceTree = "<group>"; };
		26AA2A4C241586BF000C8F7B /* Info.plist */ = {isa = PBXFileReference; lastKnownFileType = text.plist.xml; path = Info.plist; sourceTree = "<group>"; };
		26AA2A52241587B2000C8F7B /* Colors.swift */ = {isa = PBXFileReference; lastKnownFileType = sourcecode.swift; path = Colors.swift; sourceTree = "<group>"; };
		26AA2A5624158E91000C8F7B /* MontserratAlternates-Italic.ttf */ = {isa = PBXFileReference; lastKnownFileType = file; name = "MontserratAlternates-Italic.ttf"; path = "Fonts/MontserratAlternates-Italic.ttf"; sourceTree = SOURCE_ROOT; };
		26AA2A5724158E91000C8F7B /* MontserratAlternates-Medium.ttf */ = {isa = PBXFileReference; lastKnownFileType = file; name = "MontserratAlternates-Medium.ttf"; path = "Fonts/MontserratAlternates-Medium.ttf"; sourceTree = SOURCE_ROOT; };
		26AA2A5924158E91000C8F7B /* MontserratAlternates-BoldItalic.ttf */ = {isa = PBXFileReference; lastKnownFileType = file; name = "MontserratAlternates-BoldItalic.ttf"; path = "Fonts/MontserratAlternates-BoldItalic.ttf"; sourceTree = SOURCE_ROOT; };
		26AA2A5A24158E91000C8F7B /* MontserratAlternates-Regular.ttf */ = {isa = PBXFileReference; lastKnownFileType = file; name = "MontserratAlternates-Regular.ttf"; path = "Fonts/MontserratAlternates-Regular.ttf"; sourceTree = SOURCE_ROOT; };
		26AA2A5B24158E91000C8F7B /* MontserratAlternates-Light.ttf */ = {isa = PBXFileReference; lastKnownFileType = file; name = "MontserratAlternates-Light.ttf"; path = "Fonts/MontserratAlternates-Light.ttf"; sourceTree = SOURCE_ROOT; };
		26AA2A5C24158E91000C8F7B /* PlayfairDisplaySC-Black.ttf */ = {isa = PBXFileReference; lastKnownFileType = file; name = "PlayfairDisplaySC-Black.ttf"; path = "Fonts/PlayfairDisplaySC-Black.ttf"; sourceTree = SOURCE_ROOT; };
		26AA2A5F24158E91000C8F7B /* PlayfairDisplaySC-Regular.ttf */ = {isa = PBXFileReference; lastKnownFileType = file; name = "PlayfairDisplaySC-Regular.ttf"; path = "Fonts/PlayfairDisplaySC-Regular.ttf"; sourceTree = SOURCE_ROOT; };
		26AA2A6024158E92000C8F7B /* MontserratAlternates-MediumItalic.ttf */ = {isa = PBXFileReference; lastKnownFileType = file; name = "MontserratAlternates-MediumItalic.ttf"; path = "Fonts/MontserratAlternates-MediumItalic.ttf"; sourceTree = SOURCE_ROOT; };
		26AA2A6124158E92000C8F7B /* MontserratAlternates-ExtraLightItalic.ttf */ = {isa = PBXFileReference; lastKnownFileType = file; name = "MontserratAlternates-ExtraLightItalic.ttf"; path = "Fonts/MontserratAlternates-ExtraLightItalic.ttf"; sourceTree = SOURCE_ROOT; };
		26AA2A6224158E92000C8F7B /* PlayfairDisplaySC-Bold.ttf */ = {isa = PBXFileReference; lastKnownFileType = file; name = "PlayfairDisplaySC-Bold.ttf"; path = "Fonts/PlayfairDisplaySC-Bold.ttf"; sourceTree = SOURCE_ROOT; };
		26AA2A6324158E92000C8F7B /* MontserratAlternates-Thin.ttf */ = {isa = PBXFileReference; lastKnownFileType = file; name = "MontserratAlternates-Thin.ttf"; path = "Fonts/MontserratAlternates-Thin.ttf"; sourceTree = SOURCE_ROOT; };
/* End PBXFileReference section */

/* Begin PBXFrameworksBuildPhase section */
		26AA2A35241586B6000C8F7B /* Frameworks */ = {
			isa = PBXFrameworksBuildPhase;
			buildActionMask = 2147483647;
			files = (
			);
			runOnlyForDeploymentPostprocessing = 0;
		};
/* End PBXFrameworksBuildPhase section */

/* Begin PBXGroup section */
		26AA2A2F241586B6000C8F7B = {
			isa = PBXGroup;
			children = (
				26AA2A3A241586B6000C8F7B /* SwiftDates */,
				26AA2A39241586B6000C8F7B /* Products */,
			);
			sourceTree = "<group>";
		};
		26AA2A39241586B6000C8F7B /* Products */ = {
			isa = PBXGroup;
			children = (
				26AA2A38241586B6000C8F7B /* SwiftDates.app */,
			);
			name = Products;
			sourceTree = "<group>";
		};
		26AA2A3A241586B6000C8F7B /* SwiftDates */ = {
			isa = PBXGroup;
			children = (
				26AA2A5424158E82000C8F7B /* Fonts */,
				26AA2A3B241586B6000C8F7B /* AppDelegate.swift */,
				26AA2A3D241586B6000C8F7B /* SceneDelegate.swift */,
				26AA2A3F241586B6000C8F7B /* ViewController.swift */,
				26AA2A41241586B6000C8F7B /* Main.storyboard */,
				26AA2A47241586BF000C8F7B /* Assets.xcassets */,
				26AA2A49241586BF000C8F7B /* LaunchScreen.storyboard */,
				26AA2A4C241586BF000C8F7B /* Info.plist */,
				26AA2A44241586B6000C8F7B /* SwiftDates.xcdatamodeld */,
				26AA2A52241587B2000C8F7B /* Colors.swift */,
			);
			path = SwiftDates;
			sourceTree = "<group>";
		};
		26AA2A5424158E82000C8F7B /* Fonts */ = {
			isa = PBXGroup;
			children = (
				26AA2A5924158E91000C8F7B /* MontserratAlternates-BoldItalic.ttf */,
				26AA2A6124158E92000C8F7B /* MontserratAlternates-ExtraLightItalic.ttf */,
				26AA2A5624158E91000C8F7B /* MontserratAlternates-Italic.ttf */,
				26AA2A5B24158E91000C8F7B /* MontserratAlternates-Light.ttf */,
				26AA2A5724158E91000C8F7B /* MontserratAlternates-Medium.ttf */,
				26AA2A6024158E92000C8F7B /* MontserratAlternates-MediumItalic.ttf */,
				26AA2A5A24158E91000C8F7B /* MontserratAlternates-Regular.ttf */,
				26AA2A6324158E92000C8F7B /* MontserratAlternates-Thin.ttf */,
				26AA2A5C24158E91000C8F7B /* PlayfairDisplaySC-Black.ttf */,
				26AA2A6224158E92000C8F7B /* PlayfairDisplaySC-Bold.ttf */,
				26AA2A5F24158E91000C8F7B /* PlayfairDisplaySC-Regular.ttf */,
			);
			path = Fonts;
			sourceTree = "<group>";
		};
/* End PBXGroup section */

/* Begin PBXNativeTarget section */
		26AA2A37241586B6000C8F7B /* SwiftDates */ = {
			isa = PBXNativeTarget;
			buildConfigurationList = 26AA2A4F241586BF000C8F7B /* Build configuration list for PBXNativeTarget "SwiftDates" */;
			buildPhases = (
				26AA2A34241586B6000C8F7B /* Sources */,
				26AA2A35241586B6000C8F7B /* Frameworks */,
				26AA2A36241586B6000C8F7B /* Resources */,
			);
			buildRules = (
			);
			dependencies = (
			);
			name = SwiftDates;
			productName = SwiftDates;
			productReference = 26AA2A38241586B6000C8F7B /* SwiftDates.app */;
			productType = "com.apple.product-type.application";
		};
/* End PBXNativeTarget section */

/* Begin PBXProject section */
		26AA2A30241586B6000C8F7B /* Project object */ = {
			isa = PBXProject;
			attributes = {
				LastSwiftUpdateCheck = 1110;
				LastUpgradeCheck = 1110;
				ORGANIZATIONNAME = "Eduard Siniakov";
				TargetAttributes = {
					26AA2A37241586B6000C8F7B = {
						CreatedOnToolsVersion = 11.1;
					};
				};
			};
			buildConfigurationList = 26AA2A33241586B6000C8F7B /* Build configuration list for PBXProject "SwiftDates" */;
			compatibilityVersion = "Xcode 9.3";
			developmentRegion = en;
			hasScannedForEncodings = 0;
			knownRegions = (
				en,
				Base,
			);
			mainGroup = 26AA2A2F241586B6000C8F7B;
			productRefGroup = 26AA2A39241586B6000C8F7B /* Products */;
			projectDirPath = "";
			projectRoot = "";
			targets = (
				26AA2A37241586B6000C8F7B /* SwiftDates */,
			);
		};
/* End PBXProject section */

/* Begin PBXResourcesBuildPhase section */
		26AA2A36241586B6000C8F7B /* Resources */ = {
			isa = PBXResourcesBuildPhase;
			buildActionMask = 2147483647;
			files = (
				26AA2A4B241586BF000C8F7B /* LaunchScreen.storyboard in Resources */,
				26AA2A6924158E92000C8F7B /* MontserratAlternates-Regular.ttf in Resources */,
				26AA2A6624158E92000C8F7B /* MontserratAlternates-Medium.ttf in Resources */,
				26AA2A6A24158E92000C8F7B /* MontserratAlternates-Light.ttf in Resources */,
				26AA2A6E24158E92000C8F7B /* PlayfairDisplaySC-Regular.ttf in Resources */,
				26AA2A7024158E92000C8F7B /* MontserratAlternates-ExtraLightItalic.ttf in Resources */,
				26AA2A6F24158E92000C8F7B /* MontserratAlternates-MediumItalic.ttf in Resources */,
				26AA2A6B24158E92000C8F7B /* PlayfairDisplaySC-Black.ttf in Resources */,
				26AA2A48241586BF000C8F7B /* Assets.xcassets in Resources */,
				26AA2A43241586B6000C8F7B /* Main.storyboard in Resources */,
				26AA2A6824158E92000C8F7B /* MontserratAlternates-BoldItalic.ttf in Resources */,
				26AA2A6524158E92000C8F7B /* MontserratAlternates-Italic.ttf in Resources */,
				26AA2A7124158E92000C8F7B /* PlayfairDisplaySC-Bold.ttf in Resources */,
				26AA2A7224158E92000C8F7B /* MontserratAlternates-Thin.ttf in Resources */,
			);
			runOnlyForDeploymentPostprocessing = 0;
		};
/* End PBXResourcesBuildPhase section */

/* Begin PBXSourcesBuildPhase section */
		26AA2A34241586B6000C8F7B /* Sources */ = {
			isa = PBXSourcesBuildPhase;
			buildActionMask = 2147483647;
			files = (
				26AA2A40241586B6000C8F7B /* ViewController.swift in Sources */,
				26AA2A53241587B2000C8F7B /* Colors.swift in Sources */,
				26AA2A46241586B6000C8F7B /* SwiftDates.xcdatamodeld in Sources */,
				26AA2A3C241586B6000C8F7B /* AppDelegate.swift in Sources */,
				26AA2A3E241586B6000C8F7B /* SceneDelegate.swift in Sources */,
			);
			runOnlyForDeploymentPostprocessing = 0;
		};
/* End PBXSourcesBuildPhase section */

/* Begin PBXVariantGroup section */
		26AA2A41241586B6000C8F7B /* Main.storyboard */ = {
			isa = PBXVariantGroup;
			children = (
				26AA2A42241586B6000C8F7B /* Base */,
			);
			name = Main.storyboard;
			sourceTree = "<group>";
		};
		26AA2A49241586BF000C8F7B /* LaunchScreen.storyboard */ = {
			isa = PBXVariantGroup;
			children = (
				26AA2A4A241586BF000C8F7B /* Base */,
			);
			name = LaunchScreen.storyboard;
			sourceTree = "<group>";
		};
/* End PBXVariantGroup section */

/* Begin XCBuildConfiguration section */
		26AA2A4D241586BF000C8F7B /* Debug */ = {
			isa = XCBuildConfiguration;
			buildSettings = {
				ALWAYS_SEARCH_USER_PATHS = NO;
				CLANG_ANALYZER_NONNULL = YES;
				CLANG_ANALYZER_NUMBER_OBJECT_CONVERSION = YES_AGGRESSIVE;
				CLANG_CXX_LANGUAGE_STANDARD = "gnu++14";
				CLANG_CXX_LIBRARY = "libc++";
				CLANG_ENABLE_MODULES = YES;
				CLANG_ENABLE_OBJC_ARC = YES;
				CLANG_ENABLE_OBJC_WEAK = YES;
				CLANG_WARN_BLOCK_CAPTURE_AUTORELEASING = YES;
				CLANG_WARN_BOOL_CONVERSION = YES;
				CLANG_WARN_COMMA = YES;
				CLANG_WARN_CONSTANT_CONVERSION = YES;
				CLANG_WARN_DEPRECATED_OBJC_IMPLEMENTATIONS = YES;
				CLANG_WARN_DIRECT_OBJC_ISA_USAGE = YES_ERROR;
				CLANG_WARN_DOCUMENTATION_COMMENTS = YES;
				CLANG_WARN_EMPTY_BODY = YES;
				CLANG_WARN_ENUM_CONVERSION = YES;
				CLANG_WARN_INFINITE_RECURSION = YES;
				CLANG_WARN_INT_CONVERSION = YES;
				CLANG_WARN_NON_LITERAL_NULL_CONVERSION = YES;
				CLANG_WARN_OBJC_IMPLICIT_RETAIN_SELF = YES;
				CLANG_WARN_OBJC_LITERAL_CONVERSION = YES;
				CLANG_WARN_OBJC_ROOT_CLASS = YES_ERROR;
				CLANG_WARN_RANGE_LOOP_ANALYSIS = YES;
				CLANG_WARN_STRICT_PROTOTYPES = YES;
				CLANG_WARN_SUSPICIOUS_MOVE = YES;
				CLANG_WARN_UNGUARDED_AVAILABILITY = YES_AGGRESSIVE;
				CLANG_WARN_UNREACHABLE_CODE = YES;
				CLANG_WARN__DUPLICATE_METHOD_MATCH = YES;
				COPY_PHASE_STRIP = NO;
				DEBUG_INFORMATION_FORMAT = dwarf;
				ENABLE_STRICT_OBJC_MSGSEND = YES;
				ENABLE_TESTABILITY = YES;
				GCC_C_LANGUAGE_STANDARD = gnu11;
				GCC_DYNAMIC_NO_PIC = NO;
				GCC_NO_COMMON_BLOCKS = YES;
				GCC_OPTIMIZATION_LEVEL = 0;
				GCC_PREPROCESSOR_DEFINITIONS = (
					"DEBUG=1",
					"$(inherited)",
				);
				GCC_WARN_64_TO_32_BIT_CONVERSION = YES;
				GCC_WARN_ABOUT_RETURN_TYPE = YES_ERROR;
				GCC_WARN_UNDECLARED_SELECTOR = YES;
				GCC_WARN_UNINITIALIZED_AUTOS = YES_AGGRESSIVE;
				GCC_WARN_UNUSED_FUNCTION = YES;
				GCC_WARN_UNUSED_VARIABLE = YES;
				IPHONEOS_DEPLOYMENT_TARGET = 13.1;
				MTL_ENABLE_DEBUG_INFO = INCLUDE_SOURCE;
				MTL_FAST_MATH = YES;
				ONLY_ACTIVE_ARCH = YES;
				SDKROOT = iphoneos;
				SWIFT_ACTIVE_COMPILATION_CONDITIONS = DEBUG;
				SWIFT_OPTIMIZATION_LEVEL = "-Onone";
			};
			name = Debug;
		};
		26AA2A4E241586BF000C8F7B /* Release */ = {
			isa = XCBuildConfiguration;
			buildSettings = {
				ALWAYS_SEARCH_USER_PATHS = NO;
				CLANG_ANALYZER_NONNULL = YES;
				CLANG_ANALYZER_NUMBER_OBJECT_CONVERSION = YES_AGGRESSIVE;
				CLANG_CXX_LANGUAGE_STANDARD = "gnu++14";
				CLANG_CXX_LIBRARY = "libc++";
				CLANG_ENABLE_MODULES = YES;
				CLANG_ENABLE_OBJC_ARC = YES;
				CLANG_ENABLE_OBJC_WEAK = YES;
				CLANG_WARN_BLOCK_CAPTURE_AUTORELEASING = YES;
				CLANG_WARN_BOOL_CONVERSION = YES;
				CLANG_WARN_COMMA = YES;
				CLANG_WARN_CONSTANT_CONVERSION = YES;
				CLANG_WARN_DEPRECATED_OBJC_IMPLEMENTATIONS = YES;
				CLANG_WARN_DIRECT_OBJC_ISA_USAGE = YES_ERROR;
				CLANG_WARN_DOCUMENTATION_COMMENTS = YES;
				CLANG_WARN_EMPTY_BODY = YES;
				CLANG_WARN_ENUM_CONVERSION = YES;
				CLANG_WARN_INFINITE_RECURSION = YES;
				CLANG_WARN_INT_CONVERSION = YES;
				CLANG_WARN_NON_LITERAL_NULL_CONVERSION = YES;
				CLANG_WARN_OBJC_IMPLICIT_RETAIN_SELF = YES;
				CLANG_WARN_OBJC_LITERAL_CONVERSION = YES;
				CLANG_WARN_OBJC_ROOT_CLASS = YES_ERROR;
				CLANG_WARN_RANGE_LOOP_ANALYSIS = YES;
				CLANG_WARN_STRICT_PROTOTYPES = YES;
				CLANG_WARN_SUSPICIOUS_MOVE = YES;
				CLANG_WARN_UNGUARDED_AVAILABILITY = YES_AGGRESSIVE;
				CLANG_WARN_UNREACHABLE_CODE = YES;
				CLANG_WARN__DUPLICATE_METHOD_MATCH = YES;
				COPY_PHASE_STRIP = NO;
				DEBUG_INFORMATION_FORMAT = "dwarf-with-dsym";
				ENABLE_NS_ASSERTIONS = NO;
				ENABLE_STRICT_OBJC_MSGSEND = YES;
				GCC_C_LANGUAGE_STANDARD = gnu11;
				GCC_NO_COMMON_BLOCKS = YES;
				GCC_WARN_64_TO_32_BIT_CONVERSION = YES;
				GCC_WARN_ABOUT_RETURN_TYPE = YES_ERROR;
				GCC_WARN_UNDECLARED_SELECTOR = YES;
				GCC_WARN_UNINITIALIZED_AUTOS = YES_AGGRESSIVE;
				GCC_WARN_UNUSED_FUNCTION = YES;
				GCC_WARN_UNUSED_VARIABLE = YES;
				IPHONEOS_DEPLOYMENT_TARGET = 13.1;
				MTL_ENABLE_DEBUG_INFO = NO;
				MTL_FAST_MATH = YES;
				SDKROOT = iphoneos;
				SWIFT_COMPILATION_MODE = wholemodule;
				SWIFT_OPTIMIZATION_LEVEL = "-O";
				VALIDATE_PRODUCT = YES;
			};
			name = Release;
		};
		26AA2A50241586BF000C8F7B /* Debug */ = {
			isa = XCBuildConfiguration;
			buildSettings = {
				ASSETCATALOG_COMPILER_APPICON_NAME = AppIcon;
				CODE_SIGN_STYLE = Automatic;
				INFOPLIST_FILE = SwiftDates/Info.plist;
				IPHONEOS_DEPLOYMENT_TARGET = 13.0;
				LD_RUNPATH_SEARCH_PATHS = (
					"$(inherited)",
					"@executable_path/Frameworks",
				);
				PRODUCT_BUNDLE_IDENTIFIER = "Eduard-Siniakov.SwiftDates";
				PRODUCT_NAME = "$(TARGET_NAME)";
				SWIFT_VERSION = 5.0;
				TARGETED_DEVICE_FAMILY = "1,2";
			};
			name = Debug;
		};
		26AA2A51241586BF000C8F7B /* Release */ = {
			isa = XCBuildConfiguration;
			buildSettings = {
				ASSETCATALOG_COMPILER_APPICON_NAME = AppIcon;
				CODE_SIGN_STYLE = Automatic;
				INFOPLIST_FILE = SwiftDates/Info.plist;
				IPHONEOS_DEPLOYMENT_TARGET = 13.0;
				LD_RUNPATH_SEARCH_PATHS = (
					"$(inherited)",
					"@executable_path/Frameworks",
				);
				PRODUCT_BUNDLE_IDENTIFIER = "Eduard-Siniakov.SwiftDates";
				PRODUCT_NAME = "$(TARGET_NAME)";
				SWIFT_VERSION = 5.0;
				TARGETED_DEVICE_FAMILY = "1,2";
			};
			name = Release;
		};
/* End XCBuildConfiguration section */

/* Begin XCConfigurationList section */
		26AA2A33241586B6000C8F7B /* Build configuration list for PBXProject "SwiftDates" */ = {
			isa = XCConfigurationList;
			buildConfigurations = (
				26AA2A4D241586BF000C8F7B /* Debug */,
				26AA2A4E241586BF000C8F7B /* Release */,
			);
			defaultConfigurationIsVisible = 0;
			defaultConfigurationName = Release;
		};
		26AA2A4F241586BF000C8F7B /* Build configuration list for PBXNativeTarget "SwiftDates" */ = {
			isa = XCConfigurationList;
			buildConfigurations = (
				26AA2A50241586BF000C8F7B /* Debug */,
				26AA2A51241586BF000C8F7B /* Release */,
			);
			defaultConfigurationIsVisible = 0;
			defaultConfigurationName = Release;
		};
/* End XCConfigurationList section */

/* Begin XCVersionGroup section */
		26AA2A44241586B6000C8F7B /* SwiftDates.xcdatamodeld */ = {
			isa = XCVersionGroup;
			children = (
				26AA2A45241586B6000C8F7B /* SwiftDates.xcdatamodel */,
			);
			currentVersion = 26AA2A45241586B6000C8F7B /* SwiftDates.xcdatamodel */;
			path = SwiftDates.xcdatamodeld;
			sourceTree = "<group>";
			versionGroupType = wrapper.xcdatamodel;
		};
/* End XCVersionGroup section */
	};
	rootObject = 26AA2A30241586B6000C8F7B /* Project object */;
}
